
Microsoft Visual Studio Solution File, Format Version 12.00
# Visual Studio Version 17
VisualStudioVersion = 17.9.34622.214
MinimumVisualStudioVersion = 10.0.40219.1
Project("{9A19103F-16F7-4668-BE54-9A1E7A4F7556}") = "TechMoves", "TechMoves\TechMoves.csproj", "{35359BE9-7463-4641-BD59-D37ECCD3840C}"
EndProject
Project("{9A19103F-16F7-4668-BE54-9A1E7A4F7556}") = "TechMoves.Tests", "TechMoves.Tests\TechMoves.Tests.csproj", "{474ABBE3-AB70-49ED-914D-2583BC6FA422}"
EndProject
Global
	GlobalSection(SolutionConfigurationPlatforms) = preSolution
		Debug|Any CPU = Debug|Any CPU
		Release|Any CPU = Release|Any CPU
	EndGlobalSection
	GlobalSection(ProjectConfigurationPlatforms) = postSolution
		{35359BE9-7463-4641-BD59-D37ECCD3840C}.Debug|Any CPU.ActiveCfg = Debug|Any CPU
		{35359BE9-7463-4641-BD59-D37ECCD3840C}.Debug|Any CPU.Build.0 = Debug|Any CPU
		{35359BE9-7463-4641-BD59-D37ECCD3840C}.Release|Any CPU.ActiveCfg = Release|Any CPU
		{35359BE9-7463-4641-BD59-D37ECCD3840C}.Release|Any CPU.Build.0 = Release|Any CPU
		{474ABBE3-AB70-49ED-914D-2583BC6FA422}.Debug|Any CPU.ActiveCfg = Debug|Any CPU
		{474ABBE3-AB70-49ED-914D-2583BC6FA422}.Debug|Any CPU.Build.0 = Debug|Any CPU
		{474ABBE3-AB70-49ED-914D-2583BC6FA422}.Release|Any CPU.ActiveCfg = Release|Any CPU
		{474ABBE3-AB70-49ED-914D-2583BC6FA422}.Release|Any CPU.Build.0 = Release|Any CPU
	EndGlobalSection
	GlobalSection(SolutionProperties) = preSolution
		HideSolutionNode = FALSE
	EndGlobalSection
	GlobalSection(ExtensibilityGlobals) = postSolution
		SolutionGuid = {8EB27C5B-2E88-42C2-8538-2142B2F6114E}
	EndGlobalSection
EndGlobal
